
Microsoft Visual Studio Solution File, Format Version 12.00
# Visual Studio Version 17
VisualStudioVersion = 17.4.33110.190
MinimumVisualStudioVersion = 10.0.40219.1
Project("{FAE04EC0-301F-11D3-BF4B-00C04F79EFBC}") = "Teste BCrypt", "Teste BCrypt\Teste BCrypt.csproj", "{DFB39E73-381B-4A5C-9060-774F5AAF52F7}"
EndProject
Global
	GlobalSection(SolutionConfigurationPlatforms) = preSolution
		Debug|Any CPU = Debug|Any CPU
		Release|Any CPU = Release|Any CPU
	EndGlobalSection
	GlobalSection(ProjectConfigurationPlatforms) = postSolution
		{DFB39E73-381B-4A5C-9060-774F5AAF52F7}.Debug|Any CPU.ActiveCfg = Debug|Any CPU
		{DFB39E73-381B-4A5C-9060-774F5AAF52F7}.Debug|Any CPU.Build.0 = Debug|Any CPU
		{DFB39E73-381B-4A5C-9060-774F5AAF52F7}.Release|Any CPU.ActiveCfg = Release|Any CPU
		{DFB39E73-381B-4A5C-9060-774F5AAF52F7}.Release|Any CPU.Build.0 = Release|Any CPU
	EndGlobalSection
	GlobalSection(SolutionProperties) = preSolution
		HideSolutionNode = FALSE
	EndGlobalSection
	GlobalSection(ExtensibilityGlobals) = postSolution
		SolutionGuid = {6DB4D844-70FA-47E4-89B0-EBF414930417}
	EndGlobalSection
EndGlobal
